
Microsoft Visual Studio Solution File, Format Version 12.00
# Visual Studio 15
VisualStudioVersion = 15.0.26124.0
MinimumVisualStudioVersion = 15.0.26124.0
Project("{2150E333-8FDC-42A3-9474-1A3956D46DE8}") = "src", "src", "{01C435FE-A7B8-42B0-8EA5-F64C38429207}"
EndProject
Project("{FAE04EC0-301F-11D3-BF4B-00C04F79EFBC}") = "TimeTracker.Worker", "src\TimeTracker.Worker\TimeTracker.Worker.csproj", "{F25EF6D2-CD82-49B6-BCFA-00C71C349990}"
EndProject
Project("{FAE04EC0-301F-11D3-BF4B-00C04F79EFBC}") = "TimeTracker.Api", "src\TimeTracker.Api\TimeTracker.Api.csproj", "{157DFC20-605F-4B19-99D8-DF1C6CA65788}"
EndProject
Project("{FAE04EC0-301F-11D3-BF4B-00C04F79EFBC}") = "TimeTracker.Data", "src\TimeTracker.Data\TimeTracker.Data.csproj", "{3871C38A-C181-4432-89F7-9CCE5241E152}"
EndProject
Project("{2150E333-8FDC-42A3-9474-1A3956D46DE8}") = "test", "test", "{C5B01BB8-C327-4AA1-BA54-D1E03687A05B}"
EndProject
Project("{FAE04EC0-301F-11D3-BF4B-00C04F79EFBC}") = "TimeTracker.Api.Test", "test\TimeTracker.Api.Test\TimeTracker.Api.Test.csproj", "{8E6AF901-2DBD-4AF2-87FE-EE17D714FD46}"
EndProject
Project("{FAE04EC0-301F-11D3-BF4B-00C04F79EFBC}") = "TimeTracker.Library", "src\TimeTracker.Library\TimeTracker.Library.csproj", "{75061E98-0FCD-44AD-8F89-E115851D9DB8}"
EndProject
Project("{FAE04EC0-301F-11D3-BF4B-00C04F79EFBC}") = "TimeTracker.Library.Test", "test\TimeTracker.Library.Test\TimeTracker.Library.Test.csproj", "{4020EBE1-06BE-4DC0-BDD8-A9EC96F6D3E8}"
EndProject
Project("{2150E333-8FDC-42A3-9474-1A3956D46DE8}") = "files", "files", "{0F71F0AD-147A-4667-9B90-01EF83CA09B3}"
ProjectSection(SolutionItems) = preProject
	azure-pipelines.yml = azure-pipelines.yml
	LICENSE = LICENSE
	README.md = README.md
	package-lock.json = package-lock.json
	.gitignore = .gitignore
EndProjectSection
EndProject
Global
	GlobalSection(SolutionConfigurationPlatforms) = preSolution
		Debug|Any CPU = Debug|Any CPU
		Debug|x64 = Debug|x64
		Debug|x86 = Debug|x86
		Release|Any CPU = Release|Any CPU
		Release|x64 = Release|x64
		Release|x86 = Release|x86
	EndGlobalSection
	GlobalSection(SolutionProperties) = preSolution
		HideSolutionNode = FALSE
	EndGlobalSection
	GlobalSection(ProjectConfigurationPlatforms) = postSolution
		{2A5CDC40-056A-429B-A66A-50551FC53521}.Debug|Any CPU.ActiveCfg = Debug|Any CPU
		{2A5CDC40-056A-429B-A66A-50551FC53521}.Debug|Any CPU.Build.0 = Debug|Any CPU
		{2A5CDC40-056A-429B-A66A-50551FC53521}.Debug|x64.ActiveCfg = Debug|Any CPU
		{2A5CDC40-056A-429B-A66A-50551FC53521}.Debug|x64.Build.0 = Debug|Any CPU
		{2A5CDC40-056A-429B-A66A-50551FC53521}.Debug|x86.ActiveCfg = Debug|Any CPU
		{2A5CDC40-056A-429B-A66A-50551FC53521}.Debug|x86.Build.0 = Debug|Any CPU
		{2A5CDC40-056A-429B-A66A-50551FC53521}.Release|Any CPU.ActiveCfg = Release|Any CPU
		{2A5CDC40-056A-429B-A66A-50551FC53521}.Release|Any CPU.Build.0 = Release|Any CPU
		{2A5CDC40-056A-429B-A66A-50551FC53521}.Release|x64.ActiveCfg = Release|Any CPU
		{2A5CDC40-056A-429B-A66A-50551FC53521}.Release|x64.Build.0 = Release|Any CPU
		{2A5CDC40-056A-429B-A66A-50551FC53521}.Release|x86.ActiveCfg = Release|Any CPU
		{2A5CDC40-056A-429B-A66A-50551FC53521}.Release|x86.Build.0 = Release|Any CPU
		{B0AEE304-8516-41B2-B1EE-3F1012F09214}.Debug|Any CPU.ActiveCfg = Debug|Any CPU
		{B0AEE304-8516-41B2-B1EE-3F1012F09214}.Debug|Any CPU.Build.0 = Debug|Any CPU
		{B0AEE304-8516-41B2-B1EE-3F1012F09214}.Debug|x64.ActiveCfg = Debug|Any CPU
		{B0AEE304-8516-41B2-B1EE-3F1012F09214}.Debug|x64.Build.0 = Debug|Any CPU
		{B0AEE304-8516-41B2-B1EE-3F1012F09214}.Debug|x86.ActiveCfg = Debug|Any CPU
		{B0AEE304-8516-41B2-B1EE-3F1012F09214}.Debug|x86.Build.0 = Debug|Any CPU
		{B0AEE304-8516-41B2-B1EE-3F1012F09214}.Release|Any CPU.ActiveCfg = Release|Any CPU
		{B0AEE304-8516-41B2-B1EE-3F1012F09214}.Release|Any CPU.Build.0 = Release|Any CPU
		{B0AEE304-8516-41B2-B1EE-3F1012F09214}.Release|x64.ActiveCfg = Release|Any CPU
		{B0AEE304-8516-41B2-B1EE-3F1012F09214}.Release|x64.Build.0 = Release|Any CPU
		{B0AEE304-8516-41B2-B1EE-3F1012F09214}.Release|x86.ActiveCfg = Release|Any CPU
		{B0AEE304-8516-41B2-B1EE-3F1012F09214}.Release|x86.Build.0 = Release|Any CPU
		{743CC465-443E-4D3E-8EA0-43E9D87F00E1}.Debug|Any CPU.ActiveCfg = Debug|Any CPU
		{743CC465-443E-4D3E-8EA0-43E9D87F00E1}.Debug|Any CPU.Build.0 = Debug|Any CPU
		{743CC465-443E-4D3E-8EA0-43E9D87F00E1}.Debug|x64.ActiveCfg = Debug|Any CPU
		{743CC465-443E-4D3E-8EA0-43E9D87F00E1}.Debug|x64.Build.0 = Debug|Any CPU
		{743CC465-443E-4D3E-8EA0-43E9D87F00E1}.Debug|x86.ActiveCfg = Debug|Any CPU
		{743CC465-443E-4D3E-8EA0-43E9D87F00E1}.Debug|x86.Build.0 = Debug|Any CPU
		{743CC465-443E-4D3E-8EA0-43E9D87F00E1}.Release|Any CPU.ActiveCfg = Release|Any CPU
		{743CC465-443E-4D3E-8EA0-43E9D87F00E1}.Release|Any CPU.Build.0 = Release|Any CPU
		{743CC465-443E-4D3E-8EA0-43E9D87F00E1}.Release|x64.ActiveCfg = Release|Any CPU
		{743CC465-443E-4D3E-8EA0-43E9D87F00E1}.Release|x64.Build.0 = Release|Any CPU
		{743CC465-443E-4D3E-8EA0-43E9D87F00E1}.Release|x86.ActiveCfg = Release|Any CPU
		{743CC465-443E-4D3E-8EA0-43E9D87F00E1}.Release|x86.Build.0 = Release|Any CPU
		{F25EF6D2-CD82-49B6-BCFA-00C71C349990}.Debug|Any CPU.ActiveCfg = Debug|Any CPU
		{F25EF6D2-CD82-49B6-BCFA-00C71C349990}.Debug|Any CPU.Build.0 = Debug|Any CPU
		{F25EF6D2-CD82-49B6-BCFA-00C71C349990}.Debug|x64.ActiveCfg = Debug|Any CPU
		{F25EF6D2-CD82-49B6-BCFA-00C71C349990}.Debug|x64.Build.0 = Debug|Any CPU
		{F25EF6D2-CD82-49B6-BCFA-00C71C349990}.Debug|x86.ActiveCfg = Debug|Any CPU
		{F25EF6D2-CD82-49B6-BCFA-00C71C349990}.Debug|x86.Build.0 = Debug|Any CPU
		{F25EF6D2-CD82-49B6-BCFA-00C71C349990}.Release|Any CPU.ActiveCfg = Release|Any CPU
		{F25EF6D2-CD82-49B6-BCFA-00C71C349990}.Release|Any CPU.Build.0 = Release|Any CPU
		{F25EF6D2-CD82-49B6-BCFA-00C71C349990}.Release|x64.ActiveCfg = Release|Any CPU
		{F25EF6D2-CD82-49B6-BCFA-00C71C349990}.Release|x64.Build.0 = Release|Any CPU
		{F25EF6D2-CD82-49B6-BCFA-00C71C349990}.Release|x86.ActiveCfg = Release|Any CPU
		{F25EF6D2-CD82-49B6-BCFA-00C71C349990}.Release|x86.Build.0 = Release|Any CPU
		{157DFC20-605F-4B19-99D8-DF1C6CA65788}.Debug|Any CPU.ActiveCfg = Debug|Any CPU
		{157DFC20-605F-4B19-99D8-DF1C6CA65788}.Debug|Any CPU.Build.0 = Debug|Any CPU
		{157DFC20-605F-4B19-99D8-DF1C6CA65788}.Debug|x64.ActiveCfg = Debug|Any CPU
		{157DFC20-605F-4B19-99D8-DF1C6CA65788}.Debug|x64.Build.0 = Debug|Any CPU
		{157DFC20-605F-4B19-99D8-DF1C6CA65788}.Debug|x86.ActiveCfg = Debug|Any CPU
		{157DFC20-605F-4B19-99D8-DF1C6CA65788}.Debug|x86.Build.0 = Debug|Any CPU
		{157DFC20-605F-4B19-99D8-DF1C6CA65788}.Release|Any CPU.ActiveCfg = Release|Any CPU
		{157DFC20-605F-4B19-99D8-DF1C6CA65788}.Release|Any CPU.Build.0 = Release|Any CPU
		{157DFC20-605F-4B19-99D8-DF1C6CA65788}.Release|x64.ActiveCfg = Release|Any CPU
		{157DFC20-605F-4B19-99D8-DF1C6CA65788}.Release|x64.Build.0 = Release|Any CPU
		{157DFC20-605F-4B19-99D8-DF1C6CA65788}.Release|x86.ActiveCfg = Release|Any CPU
		{157DFC20-605F-4B19-99D8-DF1C6CA65788}.Release|x86.Build.0 = Release|Any CPU
		{3871C38A-C181-4432-89F7-9CCE5241E152}.Debug|Any CPU.ActiveCfg = Debug|Any CPU
		{3871C38A-C181-4432-89F7-9CCE5241E152}.Debug|Any CPU.Build.0 = Debug|Any CPU
		{3871C38A-C181-4432-89F7-9CCE5241E152}.Debug|x64.ActiveCfg = Debug|Any CPU
		{3871C38A-C181-4432-89F7-9CCE5241E152}.Debug|x64.Build.0 = Debug|Any CPU
		{3871C38A-C181-4432-89F7-9CCE5241E152}.Debug|x86.ActiveCfg = Debug|Any CPU
		{3871C38A-C181-4432-89F7-9CCE5241E152}.Debug|x86.Build.0 = Debug|Any CPU
		{3871C38A-C181-4432-89F7-9CCE5241E152}.Release|Any CPU.ActiveCfg = Release|Any CPU
		{3871C38A-C181-4432-89F7-9CCE5241E152}.Release|Any CPU.Build.0 = Release|Any CPU
		{3871C38A-C181-4432-89F7-9CCE5241E152}.Release|x64.ActiveCfg = Release|Any CPU
		{3871C38A-C181-4432-89F7-9CCE5241E152}.Release|x64.Build.0 = Release|Any CPU
		{3871C38A-C181-4432-89F7-9CCE5241E152}.Release|x86.ActiveCfg = Release|Any CPU
		{3871C38A-C181-4432-89F7-9CCE5241E152}.Release|x86.Build.0 = Release|Any CPU
		{8E6AF901-2DBD-4AF2-87FE-EE17D714FD46}.Debug|Any CPU.ActiveCfg = Debug|Any CPU
		{8E6AF901-2DBD-4AF2-87FE-EE17D714FD46}.Debug|Any CPU.Build.0 = Debug|Any CPU
		{8E6AF901-2DBD-4AF2-87FE-EE17D714FD46}.Debug|x64.ActiveCfg = Debug|Any CPU
		{8E6AF901-2DBD-4AF2-87FE-EE17D714FD46}.Debug|x64.Build.0 = Debug|Any CPU
		{8E6AF901-2DBD-4AF2-87FE-EE17D714FD46}.Debug|x86.ActiveCfg = Debug|Any CPU
		{8E6AF901-2DBD-4AF2-87FE-EE17D714FD46}.Debug|x86.Build.0 = Debug|Any CPU
		{8E6AF901-2DBD-4AF2-87FE-EE17D714FD46}.Release|Any CPU.ActiveCfg = Release|Any CPU
		{8E6AF901-2DBD-4AF2-87FE-EE17D714FD46}.Release|Any CPU.Build.0 = Release|Any CPU
		{8E6AF901-2DBD-4AF2-87FE-EE17D714FD46}.Release|x64.ActiveCfg = Release|Any CPU
		{8E6AF901-2DBD-4AF2-87FE-EE17D714FD46}.Release|x64.Build.0 = Release|Any CPU
		{8E6AF901-2DBD-4AF2-87FE-EE17D714FD46}.Release|x86.ActiveCfg = Release|Any CPU
		{8E6AF901-2DBD-4AF2-87FE-EE17D714FD46}.Release|x86.Build.0 = Release|Any CPU
		{75061E98-0FCD-44AD-8F89-E115851D9DB8}.Debug|Any CPU.ActiveCfg = Debug|Any CPU
		{75061E98-0FCD-44AD-8F89-E115851D9DB8}.Debug|Any CPU.Build.0 = Debug|Any CPU
		{75061E98-0FCD-44AD-8F89-E115851D9DB8}.Debug|x64.ActiveCfg = Debug|Any CPU
		{75061E98-0FCD-44AD-8F89-E115851D9DB8}.Debug|x64.Build.0 = Debug|Any CPU
		{75061E98-0FCD-44AD-8F89-E115851D9DB8}.Debug|x86.ActiveCfg = Debug|Any CPU
		{75061E98-0FCD-44AD-8F89-E115851D9DB8}.Debug|x86.Build.0 = Debug|Any CPU
		{75061E98-0FCD-44AD-8F89-E115851D9DB8}.Release|Any CPU.ActiveCfg = Release|Any CPU
		{75061E98-0FCD-44AD-8F89-E115851D9DB8}.Release|Any CPU.Build.0 = Release|Any CPU
		{75061E98-0FCD-44AD-8F89-E115851D9DB8}.Release|x64.ActiveCfg = Release|Any CPU
		{75061E98-0FCD-44AD-8F89-E115851D9DB8}.Release|x64.Build.0 = Release|Any CPU
		{75061E98-0FCD-44AD-8F89-E115851D9DB8}.Release|x86.ActiveCfg = Release|Any CPU
		{75061E98-0FCD-44AD-8F89-E115851D9DB8}.Release|x86.Build.0 = Release|Any CPU
		{4020EBE1-06BE-4DC0-BDD8-A9EC96F6D3E8}.Debug|Any CPU.ActiveCfg = Debug|Any CPU
		{4020EBE1-06BE-4DC0-BDD8-A9EC96F6D3E8}.Debug|Any CPU.Build.0 = Debug|Any CPU
		{4020EBE1-06BE-4DC0-BDD8-A9EC96F6D3E8}.Debug|x64.ActiveCfg = Debug|Any CPU
		{4020EBE1-06BE-4DC0-BDD8-A9EC96F6D3E8}.Debug|x64.Build.0 = Debug|Any CPU
		{4020EBE1-06BE-4DC0-BDD8-A9EC96F6D3E8}.Debug|x86.ActiveCfg = Debug|Any CPU
		{4020EBE1-06BE-4DC0-BDD8-A9EC96F6D3E8}.Debug|x86.Build.0 = Debug|Any CPU
		{4020EBE1-06BE-4DC0-BDD8-A9EC96F6D3E8}.Release|Any CPU.ActiveCfg = Release|Any CPU
		{4020EBE1-06BE-4DC0-BDD8-A9EC96F6D3E8}.Release|Any CPU.Build.0 = Release|Any CPU
		{4020EBE1-06BE-4DC0-BDD8-A9EC96F6D3E8}.Release|x64.ActiveCfg = Release|Any CPU
		{4020EBE1-06BE-4DC0-BDD8-A9EC96F6D3E8}.Release|x64.Build.0 = Release|Any CPU
		{4020EBE1-06BE-4DC0-BDD8-A9EC96F6D3E8}.Release|x86.ActiveCfg = Release|Any CPU
		{4020EBE1-06BE-4DC0-BDD8-A9EC96F6D3E8}.Release|x86.Build.0 = Release|Any CPU
	EndGlobalSection
	GlobalSection(NestedProjects) = preSolution
		{F25EF6D2-CD82-49B6-BCFA-00C71C349990} = {01C435FE-A7B8-42B0-8EA5-F64C38429207}
		{157DFC20-605F-4B19-99D8-DF1C6CA65788} = {01C435FE-A7B8-42B0-8EA5-F64C38429207}
		{3871C38A-C181-4432-89F7-9CCE5241E152} = {01C435FE-A7B8-42B0-8EA5-F64C38429207}
		{8E6AF901-2DBD-4AF2-87FE-EE17D714FD46} = {C5B01BB8-C327-4AA1-BA54-D1E03687A05B}
		{75061E98-0FCD-44AD-8F89-E115851D9DB8} = {01C435FE-A7B8-42B0-8EA5-F64C38429207}
		{4020EBE1-06BE-4DC0-BDD8-A9EC96F6D3E8} = {C5B01BB8-C327-4AA1-BA54-D1E03687A05B}
	EndGlobalSection
EndGlobal
