
Microsoft Visual Studio Solution File, Format Version 12.00
# Visual Studio 15
VisualStudioVersion = 15.0.26124.0
MinimumVisualStudioVersion = 15.0.26124.0
Project("{FAE04EC0-301F-11D3-BF4B-00C04F79EFBC}") = "TimeTracker.Api", "TimeTracker.Api\TimeTracker.Api.csproj", "{2A5CDC40-056A-429B-A66A-50551FC53521}"
EndProject
Project("{FAE04EC0-301F-11D3-BF4B-00C04F79EFBC}") = "TimeTracker.Api.Tests", "TimeTracker.Api.Tests\TimeTracker.Api.Tests.csproj", "{B0AEE304-8516-41B2-B1EE-3F1012F09214}"
EndProject
Global
	GlobalSection(SolutionConfigurationPlatforms) = preSolution
		Debug|Any CPU = Debug|Any CPU
		Debug|x64 = Debug|x64
		Debug|x86 = Debug|x86
		Release|Any CPU = Release|Any CPU
		Release|x64 = Release|x64
		Release|x86 = Release|x86
	EndGlobalSection
	GlobalSection(SolutionProperties) = preSolution
		HideSolutionNode = FALSE
	EndGlobalSection
	GlobalSection(ProjectConfigurationPlatforms) = postSolution
		{2A5CDC40-056A-429B-A66A-50551FC53521}.Debug|Any CPU.ActiveCfg = Debug|Any CPU
		{2A5CDC40-056A-429B-A66A-50551FC53521}.Debug|Any CPU.Build.0 = Debug|Any CPU
		{2A5CDC40-056A-429B-A66A-50551FC53521}.Debug|x64.ActiveCfg = Debug|Any CPU
		{2A5CDC40-056A-429B-A66A-50551FC53521}.Debug|x64.Build.0 = Debug|Any CPU
		{2A5CDC40-056A-429B-A66A-50551FC53521}.Debug|x86.ActiveCfg = Debug|Any CPU
		{2A5CDC40-056A-429B-A66A-50551FC53521}.Debug|x86.Build.0 = Debug|Any CPU
		{2A5CDC40-056A-429B-A66A-50551FC53521}.Release|Any CPU.ActiveCfg = Release|Any CPU
		{2A5CDC40-056A-429B-A66A-50551FC53521}.Release|Any CPU.Build.0 = Release|Any CPU
		{2A5CDC40-056A-429B-A66A-50551FC53521}.Release|x64.ActiveCfg = Release|Any CPU
		{2A5CDC40-056A-429B-A66A-50551FC53521}.Release|x64.Build.0 = Release|Any CPU
		{2A5CDC40-056A-429B-A66A-50551FC53521}.Release|x86.ActiveCfg = Release|Any CPU
		{2A5CDC40-056A-429B-A66A-50551FC53521}.Release|x86.Build.0 = Release|Any CPU
		{B0AEE304-8516-41B2-B1EE-3F1012F09214}.Debug|Any CPU.ActiveCfg = Debug|Any CPU
		{B0AEE304-8516-41B2-B1EE-3F1012F09214}.Debug|Any CPU.Build.0 = Debug|Any CPU
		{B0AEE304-8516-41B2-B1EE-3F1012F09214}.Debug|x64.ActiveCfg = Debug|Any CPU
		{B0AEE304-8516-41B2-B1EE-3F1012F09214}.Debug|x64.Build.0 = Debug|Any CPU
		{B0AEE304-8516-41B2-B1EE-3F1012F09214}.Debug|x86.ActiveCfg = Debug|Any CPU
		{B0AEE304-8516-41B2-B1EE-3F1012F09214}.Debug|x86.Build.0 = Debug|Any CPU
		{B0AEE304-8516-41B2-B1EE-3F1012F09214}.Release|Any CPU.ActiveCfg = Release|Any CPU
		{B0AEE304-8516-41B2-B1EE-3F1012F09214}.Release|Any CPU.Build.0 = Release|Any CPU
		{B0AEE304-8516-41B2-B1EE-3F1012F09214}.Release|x64.ActiveCfg = Release|Any CPU
		{B0AEE304-8516-41B2-B1EE-3F1012F09214}.Release|x64.Build.0 = Release|Any CPU
		{B0AEE304-8516-41B2-B1EE-3F1012F09214}.Release|x86.ActiveCfg = Release|Any CPU
		{B0AEE304-8516-41B2-B1EE-3F1012F09214}.Release|x86.Build.0 = Release|Any CPU
	EndGlobalSection
EndGlobal
